// !$*UTF8*$!
{
	archiveVersion = 1;
	classes = {
	};
	objectVersion = 46;
	objects = {

/* Begin PBXBuildFile section */
		94B96F501CE59D07004F1486 /* main.m in Sources */ = {isa = PBXBuildFile; fileRef = 94B96F4F1CE59D07004F1486 /* main.m */; };
		94B96F531CE59D07004F1486 /* AppDelegate.m in Sources */ = {isa = PBXBuildFile; fileRef = 94B96F521CE59D07004F1486 /* AppDelegate.m */; };
		94B96F561CE59D07004F1486 /* ViewController.m in Sources */ = {isa = PBXBuildFile; fileRef = 94B96F551CE59D07004F1486 /* ViewController.m */; };
		94B96F591CE59D07004F1486 /* Main.storyboard in Resources */ = {isa = PBXBuildFile; fileRef = 94B96F571CE59D07004F1486 /* Main.storyboard */; };
		94B96F5B1CE59D07004F1486 /* Assets.xcassets in Resources */ = {isa = PBXBuildFile; fileRef = 94B96F5A1CE59D07004F1486 /* Assets.xcassets */; };
		94B96F5E1CE59D07004F1486 /* LaunchScreen.storyboard in Resources */ = {isa = PBXBuildFile; fileRef = 94B96F5C1CE59D07004F1486 /* LaunchScreen.storyboard */; };
		94B96F691CE59D07004F1486 /* BubbleTests.m in Sources */ = {isa = PBXBuildFile; fileRef = 94B96F681CE59D07004F1486 /* BubbleTests.m */; };
		94B96F741CE59D07004F1486 /* BubbleUITests.m in Sources */ = {isa = PBXBuildFile; fileRef = 94B96F731CE59D07004F1486 /* BubbleUITests.m */; };
/* End PBXBuildFile section */

/* Begin PBXContainerItemProxy section */
		94B96F651CE59D07004F1486 /* PBXContainerItemProxy */ = {
			isa = PBXContainerItemProxy;
			containerPortal = 94B96F431CE59D07004F1486 /* Project object */;
			proxyType = 1;
			remoteGlobalIDString = 94B96F4A1CE59D07004F1486;
			remoteInfo = Bubble;
		};
		94B96F701CE59D07004F1486 /* PBXContainerItemProxy */ = {
			isa = PBXContainerItemProxy;
			containerPortal = 94B96F431CE59D07004F1486 /* Project object */;
			proxyType = 1;
			remoteGlobalIDString = 94B96F4A1CE59D07004F1486;
			remoteInfo = Bubble;
		};
/* End PBXContainerItemProxy section */

/* Begin PBXFileReference section */
		94B96F4B1CE59D07004F1486 /* Bubble.app */ = {isa = PBXFileReference; explicitFileType = wrapper.application; includeInIndex = 0; path = Bubble.app; sourceTree = BUILT_PRODUCTS_DIR; };
		94B96F4F1CE59D07004F1486 /* main.m */ = {isa = PBXFileReference; lastKnownFileType = sourcecode.c.objc; path = main.m; sourceTree = "<group>"; };
		94B96F511CE59D07004F1486 /* AppDelegate.h */ = {isa = PBXFileReference; lastKnownFileType = sourcecode.c.h; path = AppDelegate.h; sourceTree = "<group>"; };
		94B96F521CE59D07004F1486 /* AppDelegate.m */ = {isa = PBXFileReference; lastKnownFileType = sourcecode.c.objc; path = AppDelegate.m; sourceTree = "<group>"; };
		94B96F541CE59D07004F1486 /* ViewController.h */ = {isa = PBXFileReference; lastKnownFileType = sourcecode.c.h; path = ViewController.h; sourceTree = "<group>"; };
		94B96F551CE59D07004F1486 /* ViewController.m */ = {isa = PBXFileReference; lastKnownFileType = sourcecode.c.objc; path = ViewController.m; sourceTree = "<group>"; };
		94B96F581CE59D07004F1486 /* Base */ = {isa = PBXFileReference; lastKnownFileType = file.storyboard; name = Base; path = Base.lproj/Main.storyboard; sourceTree = "<group>"; };
		94B96F5A1CE59D07004F1486 /* Assets.xcassets */ = {isa = PBXFileReference; lastKnownFileType = folder.assetcatalog; path = Assets.xcassets; sourceTree = "<group>"; };
		94B96F5D1CE59D07004F1486 /* Base */ = {isa = PBXFileReference; lastKnownFileType = file.storyboard; name = Base; path = Base.lproj/LaunchScreen.storyboard; sourceTree = "<group>"; };
		94B96F5F1CE59D07004F1486 /* Info.plist */ = {isa = PBXFileReference; lastKnownFileType = text.plist.xml; path = Info.plist; sourceTree = "<group>"; };
		94B96F641CE59D07004F1486 /* BubbleTests.xctest */ = {isa = PBXFileReference; explicitFileType = wrapper.cfbundle; includeInIndex = 0; path = BubbleTests.xctest; sourceTree = BUILT_PRODUCTS_DIR; };
		94B96F681CE59D07004F1486 /* BubbleTests.m */ = {isa = PBXFileReference; lastKnownFileType = sourcecode.c.objc; path = BubbleTests.m; sourceTree = "<group>"; };
		94B96F6A1CE59D07004F1486 /* Info.plist */ = {isa = PBXFileReference; lastKnownFileType = text.plist.xml; path = Info.plist; sourceTree = "<group>"; };
		94B96F6F1CE59D07004F1486 /* BubbleUITests.xctest */ = {isa = PBXFileReference; explicitFileType = wrapper.cfbundle; includeInIndex = 0; path = BubbleUITests.xctest; sourceTree = BUILT_PRODUCTS_DIR; };
		94B96F731CE59D07004F1486 /* BubbleUITests.m */ = {isa = PBXFileReference; lastKnownFileType = sourcecode.c.objc; path = BubbleUITests.m; sourceTree = "<group>"; };
		94B96F751CE59D07004F1486 /* Info.plist */ = {isa = PBXFileReference; lastKnownFileType = text.plist.xml; path = Info.plist; sourceTree = "<group>"; };
/* End PBXFileReference section */

/* Begin PBXFrameworksBuildPhase section */
		94B96F481CE59D07004F1486 /* Frameworks */ = {
			isa = PBXFrameworksBuildPhase;
			buildActionMask = 2147483647;
			files = (
			);
			runOnlyForDeploymentPostprocessing = 0;
		};
		94B96F611CE59D07004F1486 /* Frameworks */ = {
			isa = PBXFrameworksBuildPhase;
			buildActionMask = 2147483647;
			files = (
			);
			runOnlyForDeploymentPostprocessing = 0;
		};
		94B96F6C1CE59D07004F1486 /* Frameworks */ = {
			isa = PBXFrameworksBuildPhase;
			buildActionMask = 2147483647;
			files = (
			);
			runOnlyForDeploymentPostprocessing = 0;
		};
/* End PBXFrameworksBuildPhase section */

/* Begin PBXGroup section */
		94B96F421CE59D07004F1486 = {
			isa = PBXGroup;
			children = (
				94B96F4D1CE59D07004F1486 /* Bubble */,
				94B96F671CE59D07004F1486 /* BubbleTests */,
				94B96F721CE59D07004F1486 /* BubbleUITests */,
				94B96F4C1CE59D07004F1486 /* Products */,
			);
			sourceTree = "<group>";
		};
		94B96F4C1CE59D07004F1486 /* Products */ = {
			isa = PBXGroup;
			children = (
				94B96F4B1CE59D07004F1486 /* Bubble.app */,
				94B96F641CE59D07004F1486 /* BubbleTests.xctest */,
				94B96F6F1CE59D07004F1486 /* BubbleUITests.xctest */,
			);
			name = Products;
			sourceTree = "<group>";
		};
		94B96F4D1CE59D07004F1486 /* Bubble */ = {
			isa = PBXGroup;
			children = (
				94B96F511CE59D07004F1486 /* AppDelegate.h */,
				94B96F521CE59D07004F1486 /* AppDelegate.m */,
				94B96F541CE59D07004F1486 /* ViewController.h */,
				94B96F551CE59D07004F1486 /* ViewController.m */,
				94B96F571CE59D07004F1486 /* Main.storyboard */,
				94B96F5A1CE59D07004F1486 /* Assets.xcassets */,
				94B96F5C1CE59D07004F1486 /* LaunchScreen.storyboard */,
				94B96F5F1CE59D07004F1486 /* Info.plist */,
				94B96F4E1CE59D07004F1486 /* Supporting Files */,
			);
			path = Bubble;
			sourceTree = "<group>";
		};
		94B96F4E1CE59D07004F1486 /* Supporting Files */ = {
			isa = PBXGroup;
			children = (
				94B96F4F1CE59D07004F1486 /* main.m */,
			);
			name = "Supporting Files";
			sourceTree = "<group>";
		};
		94B96F671CE59D07004F1486 /* BubbleTests */ = {
			isa = PBXGroup;
			children = (
				94B96F681CE59D07004F1486 /* BubbleTests.m */,
				94B96F6A1CE59D07004F1486 /* Info.plist */,
			);
			path = BubbleTests;
			sourceTree = "<group>";
		};
		94B96F721CE59D07004F1486 /* BubbleUITests */ = {
			isa = PBXGroup;
			children = (
				94B96F731CE59D07004F1486 /* BubbleUITests.m */,
				94B96F751CE59D07004F1486 /* Info.plist */,
			);
			path = BubbleUITests;
			sourceTree = "<group>";
		};
/* End PBXGroup section */

/* Begin PBXNativeTarget section */
		94B96F4A1CE59D07004F1486 /* Bubble */ = {
			isa = PBXNativeTarget;
			buildConfigurationList = 94B96F781CE59D07004F1486 /* Build configuration list for PBXNativeTarget "Bubble" */;
			buildPhases = (
				94B96F471CE59D07004F1486 /* Sources */,
				94B96F481CE59D07004F1486 /* Frameworks */,
				94B96F491CE59D07004F1486 /* Resources */,
			);
			buildRules = (
			);
			dependencies = (
			);
			name = Bubble;
			productName = Bubble;
			productReference = 94B96F4B1CE59D07004F1486 /* Bubble.app */;
			productType = "com.apple.product-type.application";
		};
		94B96F631CE59D07004F1486 /* BubbleTests */ = {
			isa = PBXNativeTarget;
			buildConfigurationList = 94B96F7B1CE59D07004F1486 /* Build configuration list for PBXNativeTarget "BubbleTests" */;
			buildPhases = (
				94B96F601CE59D07004F1486 /* Sources */,
				94B96F611CE59D07004F1486 /* Frameworks */,
				94B96F621CE59D07004F1486 /* Resources */,
			);
			buildRules = (
			);
			dependencies = (
				94B96F661CE59D07004F1486 /* PBXTargetDependency */,
			);
			name = BubbleTests;
			productName = BubbleTests;
			productReference = 94B96F641CE59D07004F1486 /* BubbleTests.xctest */;
			productType = "com.apple.product-type.bundle.unit-test";
		};
		94B96F6E1CE59D07004F1486 /* BubbleUITests */ = {
			isa = PBXNativeTarget;
			buildConfigurationList = 94B96F7E1CE59D07004F1486 /* Build configuration list for PBXNativeTarget "BubbleUITests" */;
			buildPhases = (
				94B96F6B1CE59D07004F1486 /* Sources */,
				94B96F6C1CE59D07004F1486 /* Frameworks */,
				94B96F6D1CE59D07004F1486 /* Resources */,
			);
			buildRules = (
			);
			dependencies = (
				94B96F711CE59D07004F1486 /* PBXTargetDependency */,
			);
			name = BubbleUITests;
			productName = BubbleUITests;
			productReference = 94B96F6F1CE59D07004F1486 /* BubbleUITests.xctest */;
			productType = "com.apple.product-type.bundle.ui-testing";
		};
/* End PBXNativeTarget section */

/* Begin PBXProject section */
		94B96F431CE59D07004F1486 /* Project object */ = {
			isa = PBXProject;
			attributes = {
				LastUpgradeCheck = 0730;
				ORGANIZATIONNAME = monkey;
				TargetAttributes = {
					94B96F4A1CE59D07004F1486 = {
						CreatedOnToolsVersion = 7.3;
					};
					94B96F631CE59D07004F1486 = {
						CreatedOnToolsVersion = 7.3;
						TestTargetID = 94B96F4A1CE59D07004F1486;
					};
					94B96F6E1CE59D07004F1486 = {
						CreatedOnToolsVersion = 7.3;
						TestTargetID = 94B96F4A1CE59D07004F1486;
					};
				};
			};
			buildConfigurationList = 94B96F461CE59D07004F1486 /* Build configuration list for PBXProject "Bubble" */;
			compatibilityVersion = "Xcode 3.2";
			developmentRegion = English;
			hasScannedForEncodings = 0;
			knownRegions = (
				en,
				Base,
			);
			mainGroup = 94B96F421CE59D07004F1486;
			productRefGroup = 94B96F4C1CE59D07004F1486 /* Products */;
			projectDirPath = "";
			projectRoot = "";
			targets = (
				94B96F4A1CE59D07004F1486 /* Bubble */,
				94B96F631CE59D07004F1486 /* BubbleTests */,
				94B96F6E1CE59D07004F1486 /* BubbleUITests */,
			);
		};
/* End PBXProject section */

/* Begin PBXResourcesBuildPhase section */
		94B96F491CE59D07004F1486 /* Resources */ = {
			isa = PBXResourcesBuildPhase;
			buildActionMask = 2147483647;
			files = (
				94B96F5E1CE59D07004F1486 /* LaunchScreen.storyboard in Resources */,
				94B96F5B1CE59D07004F1486 /* Assets.xcassets in Resources */,
				94B96F591CE59D07004F1486 /* Main.storyboard in Resources */,
			);
			runOnlyForDeploymentPostprocessing = 0;
		};
		94B96F621CE59D07004F1486 /* Resources */ = {
			isa = PBXResourcesBuildPhase;
			buildActionMask = 2147483647;
			files = (
			);
			runOnlyForDeploymentPostprocessing = 0;
		};
		94B96F6D1CE59D07004F1486 /* Resources */ = {
			isa = PBXResourcesBuildPhase;
			buildActionMask = 2147483647;
			files = (
			);
			runOnlyForDeploymentPostprocessing = 0;
		};
/* End PBXResourcesBuildPhase section */

/* Begin PBXSourcesBuildPhase section */
		94B96F471CE59D07004F1486 /* Sources */ = {
			isa = PBXSourcesBuildPhase;
			buildActionMask = 2147483647;
			files = (
				94B96F561CE59D07004F1486 /* ViewController.m in Sources */,
				94B96F531CE59D07004F1486 /* AppDelegate.m in Sources */,
				94B96F501CE59D07004F1486 /* main.m in Sources */,
			);
			runOnlyForDeploymentPostprocessing = 0;
		};
		94B96F601CE59D07004F1486 /* Sources */ = {
			isa = PBXSourcesBuildPhase;
			buildActionMask = 2147483647;
			files = (
				94B96F691CE59D07004F1486 /* BubbleTests.m in Sources */,
			);
			runOnlyForDeploymentPostprocessing = 0;
		};
		94B96F6B1CE59D07004F1486 /* Sources */ = {
			isa = PBXSourcesBuildPhase;
			buildActionMask = 2147483647;
			files = (
				94B96F741CE59D07004F1486 /* BubbleUITests.m in Sources */,
			);
			runOnlyForDeploymentPostprocessing = 0;
		};
/* End PBXSourcesBuildPhase section */

/* Begin PBXTargetDependency section */
		94B96F661CE59D07004F1486 /* PBXTargetDependency */ = {
			isa = PBXTargetDependency;
			target = 94B96F4A1CE59D07004F1486 /* Bubble */;
			targetProxy = 94B96F651CE59D07004F1486 /* PBXContainerItemProxy */;
		};
		94B96F711CE59D07004F1486 /* PBXTargetDependency */ = {
			isa = PBXTargetDependency;
			target = 94B96F4A1CE59D07004F1486 /* Bubble */;
			targetProxy = 94B96F701CE59D07004F1486 /* PBXContainerItemProxy */;
		};
/* End PBXTargetDependency section */

/* Begin PBXVariantGroup section */
		94B96F571CE59D07004F1486 /* Main.storyboard */ = {
			isa = PBXVariantGroup;
			children = (
				94B96F581CE59D07004F1486 /* Base */,
			);
			name = Main.storyboard;
			sourceTree = "<group>";
		};
		94B96F5C1CE59D07004F1486 /* LaunchScreen.storyboard */ = {
			isa = PBXVariantGroup;
			children = (
				94B96F5D1CE59D07004F1486 /* Base */,
			);
			name = LaunchScreen.storyboard;
			sourceTree = "<group>";
		};
/* End PBXVariantGroup section */

/* Begin XCBuildConfiguration section */
		94B96F761CE59D07004F1486 /* Debug */ = {
			isa = XCBuildConfiguration;
			buildSettings = {
				ALWAYS_SEARCH_USER_PATHS = NO;
				CLANG_ANALYZER_NONNULL = YES;
				CLANG_CXX_LANGUAGE_STANDARD = "gnu++0x";
				CLANG_CXX_LIBRARY = "libc++";
				CLANG_ENABLE_MODULES = YES;
				CLANG_ENABLE_OBJC_ARC = YES;
				CLANG_WARN_BOOL_CONVERSION = YES;
				CLANG_WARN_CONSTANT_CONVERSION = YES;
				CLANG_WARN_DIRECT_OBJC_ISA_USAGE = YES_ERROR;
				CLANG_WARN_EMPTY_BODY = YES;
				CLANG_WARN_ENUM_CONVERSION = YES;
				CLANG_WARN_INT_CONVERSION = YES;
				CLANG_WARN_OBJC_ROOT_CLASS = YES_ERROR;
				CLANG_WARN_UNREACHABLE_CODE = YES;
				CLANG_WARN__DUPLICATE_METHOD_MATCH = YES;
				"CODE_SIGN_IDENTITY[sdk=iphoneos*]" = "iPhone Developer";
				COPY_PHASE_STRIP = NO;
				DEBUG_INFORMATION_FORMAT = dwarf;
				ENABLE_STRICT_OBJC_MSGSEND = YES;
				ENABLE_TESTABILITY = YES;
				GCC_C_LANGUAGE_STANDARD = gnu99;
				GCC_DYNAMIC_NO_PIC = NO;
				GCC_NO_COMMON_BLOCKS = YES;
				GCC_OPTIMIZATION_LEVEL = 0;
				GCC_PREPROCESSOR_DEFINITIONS = (
					"DEBUG=1",
					"$(inherited)",
				);
				GCC_WARN_64_TO_32_BIT_CONVERSION = YES;
				GCC_WARN_ABOUT_RETURN_TYPE = YES_ERROR;
				GCC_WARN_UNDECLARED_SELECTOR = YES;
				GCC_WARN_UNINITIALIZED_AUTOS = YES_AGGRESSIVE;
				GCC_WARN_UNUSED_FUNCTION = YES;
				GCC_WARN_UNUSED_VARIABLE = YES;
				IPHONEOS_DEPLOYMENT_TARGET = 9.3;
				MTL_ENABLE_DEBUG_INFO = YES;
				ONLY_ACTIVE_ARCH = YES;
				SDKROOT = iphoneos;
				TARGETED_DEVICE_FAMILY = "1,2";
			};
			name = Debug;
		};
		94B96F771CE59D07004F1486 /* Release */ = {
			isa = XCBuildConfiguration;
			buildSettings = {
				ALWAYS_SEARCH_USER_PATHS = NO;
				CLANG_ANALYZER_NONNULL = YES;
				CLANG_CXX_LANGUAGE_STANDARD = "gnu++0x";
				CLANG_CXX_LIBRARY = "libc++";
				CLANG_ENABLE_MODULES = YES;
				CLANG_ENABLE_OBJC_ARC = YES;
				CLANG_WARN_BOOL_CONVERSION = YES;
				CLANG_WARN_CONSTANT_CONVERSION = YES;
				CLANG_WARN_DIRECT_OBJC_ISA_USAGE = YES_ERROR;
				CLANG_WARN_EMPTY_BODY = YES;
				CLANG_WARN_ENUM_CONVERSION = YES;
				CLANG_WARN_INT_CONVERSION = YES;
				CLANG_WARN_OBJC_ROOT_CLASS = YES_ERROR;
				CLANG_WARN_UNREACHABLE_CODE = YES;
				CLANG_WARN__DUPLICATE_METHOD_MATCH = YES;
				"CODE_SIGN_IDENTITY[sdk=iphoneos*]" = "iPhone Developer";
				COPY_PHASE_STRIP = NO;
				DEBUG_INFORMATION_FORMAT = "dwarf-with-dsym";
				ENABLE_NS_ASSERTIONS = NO;
				ENABLE_STRICT_OBJC_MSGSEND = YES;
				GCC_C_LANGUAGE_STANDARD = gnu99;
				GCC_NO_COMMON_BLOCKS = YES;
				GCC_WARN_64_TO_32_BIT_CONVERSION = YES;
				GCC_WARN_ABOUT_RETURN_TYPE = YES_ERROR;
				GCC_WARN_UNDECLARED_SELECTOR = YES;
				GCC_WARN_UNINITIALIZED_AUTOS = YES_AGGRESSIVE;
				GCC_WARN_UNUSED_FUNCTION = YES;
				GCC_WARN_UNUSED_VARIABLE = YES;
				IPHONEOS_DEPLOYMENT_TARGET = 9.3;
				MTL_ENABLE_DEBUG_INFO = NO;
				SDKROOT = iphoneos;
				TARGETED_DEVICE_FAMILY = "1,2";
				VALIDATE_PRODUCT = YES;
			};
			name = Release;
		};
		94B96F791CE59D07004F1486 /* Debug */ = {
			isa = XCBuildConfiguration;
			buildSettings = {
				ASSETCATALOG_COMPILER_APPICON_NAME = AppIcon;
				INFOPLIST_FILE = Bubble/Info.plist;
				LD_RUNPATH_SEARCH_PATHS = "$(inherited) @executable_path/Frameworks";
				PRODUCT_BUNDLE_IDENTIFIER = com.monkey.Bubble;
				PRODUCT_NAME = "$(TARGET_NAME)";
			};
			name = Debug;
		};
		94B96F7A1CE59D07004F1486 /* Release */ = {
			isa = XCBuildConfiguration;
			buildSettings = {
				ASSETCATALOG_COMPILER_APPICON_NAME = AppIcon;
				INFOPLIST_FILE = Bubble/Info.plist;
				LD_RUNPATH_SEARCH_PATHS = "$(inherited) @executable_path/Frameworks";
				PRODUCT_BUNDLE_IDENTIFIER = com.monkey.Bubble;
				PRODUCT_NAME = "$(TARGET_NAME)";
			};
			name = Release;
		};
		94B96F7C1CE59D07004F1486 /* Debug */ = {
			isa = XCBuildConfiguration;
			buildSettings = {
				BUNDLE_LOADER = "$(TEST_HOST)";
				INFOPLIST_FILE = BubbleTests/Info.plist;
				LD_RUNPATH_SEARCH_PATHS = "$(inherited) @executable_path/Frameworks @loader_path/Frameworks";
				PRODUCT_BUNDLE_IDENTIFIER = com.monkey.BubbleTests;
				PRODUCT_NAME = "$(TARGET_NAME)";
				TEST_HOST = "$(BUILT_PRODUCTS_DIR)/Bubble.app/Bubble";
			};
			name = Debug;
		};
		94B96F7D1CE59D07004F1486 /* Release */ = {
			isa = XCBuildConfiguration;
			buildSettings = {
				BUNDLE_LOADER = "$(TEST_HOST)";
				INFOPLIST_FILE = BubbleTests/Info.plist;
				LD_RUNPATH_SEARCH_PATHS = "$(inherited) @executable_path/Frameworks @loader_path/Frameworks";
				PRODUCT_BUNDLE_IDENTIFIER = com.monkey.BubbleTests;
				PRODUCT_NAME = "$(TARGET_NAME)";
				TEST_HOST = "$(BUILT_PRODUCTS_DIR)/Bubble.app/Bubble";
			};
			name = Release;
		};
		94B96F7F1CE59D07004F1486 /* Debug */ = {
			isa = XCBuildConfiguration;
			buildSettings = {
				INFOPLIST_FILE = BubbleUITests/Info.plist;
				LD_RUNPATH_SEARCH_PATHS = "$(inherited) @executable_path/Frameworks @loader_path/Frameworks";
				PRODUCT_BUNDLE_IDENTIFIER = com.monkey.BubbleUITests;
				PRODUCT_NAME = "$(TARGET_NAME)";
				TEST_TARGET_NAME = Bubble;
			};
			name = Debug;
		};
		94B96F801CE59D07004F1486 /* Release */ = {
			isa = XCBuildConfiguration;
			buildSettings = {
				INFOPLIST_FILE = BubbleUITests/Info.plist;
				LD_RUNPATH_SEARCH_PATHS = "$(inherited) @executable_path/Frameworks @loader_path/Frameworks";
				PRODUCT_BUNDLE_IDENTIFIER = com.monkey.BubbleUITests;
				PRODUCT_NAME = "$(TARGET_NAME)";
				TEST_TARGET_NAME = Bubble;
			};
			name = Release;
		};
/* End XCBuildConfiguration section */

/* Begin XCConfigurationList section */
		94B96F461CE59D07004F1486 /* Build configuration list for PBXProject "Bubble" */ = {
			isa = XCConfigurationList;
			buildConfigurations = (
				94B96F761CE59D07004F1486 /* Debug */,
				94B96F771CE59D07004F1486 /* Release */,
			);
			defaultConfigurationIsVisible = 0;
			defaultConfigurationName = Release;
		};
		94B96F781CE59D07004F1486 /* Build configuration list for PBXNativeTarget "Bubble" */ = {
			isa = XCConfigurationList;
			buildConfigurations = (
				94B96F791CE59D07004F1486 /* Debug */,
				94B96F7A1CE59D07004F1486 /* Release */,
			);
			defaultConfigurationIsVisible = 0;
		};
		94B96F7B1CE59D07004F1486 /* Build configuration list for PBXNativeTarget "BubbleTests" */ = {
			isa = XCConfigurationList;
			buildConfigurations = (
				94B96F7C1CE59D07004F1486 /* Debug */,
				94B96F7D1CE59D07004F1486 /* Release */,
			);
			defaultConfigurationIsVisible = 0;
		};
		94B96F7E1CE59D07004F1486 /* Build configuration list for PBXNativeTarget "BubbleUITests" */ = {
			isa = XCConfigurationList;
			buildConfigurations = (
				94B96F7F1CE59D07004F1486 /* Debug */,
				94B96F801CE59D07004F1486 /* Release */,
			);
			defaultConfigurationIsVisible = 0;
		};
/* End XCConfigurationList section */
	};
	rootObject = 94B96F431CE59D07004F1486 /* Project object */;
}
